
Microsoft Visual Studio Solution File, Format Version 12.00
# Visual Studio Version 16
VisualStudioVersion = 16.0.30503.244
MinimumVisualStudioVersion = 10.0.40219.1
Project("{FAE04EC0-301F-11D3-BF4B-00C04F79EFBC}") = "LeapYearExtra", "LeapYearExtra.csproj", "{8931F74F-ACCF-4841-90CD-DAB3C3CED9CE}"
EndProject
Global
	GlobalSection(SolutionConfigurationPlatforms) = preSolution
		Debug|Any CPU = Debug|Any CPU
		Release|Any CPU = Release|Any CPU
	EndGlobalSection
	GlobalSection(ProjectConfigurationPlatforms) = postSolution
		{8931F74F-ACCF-4841-90CD-DAB3C3CED9CE}.Debug|Any CPU.ActiveCfg = Debug|Any CPU
		{8931F74F-ACCF-4841-90CD-DAB3C3CED9CE}.Debug|Any CPU.Build.0 = Debug|Any CPU
		{8931F74F-ACCF-4841-90CD-DAB3C3CED9CE}.Release|Any CPU.ActiveCfg = Release|Any CPU
		{8931F74F-ACCF-4841-90CD-DAB3C3CED9CE}.Release|Any CPU.Build.0 = Release|Any CPU
	EndGlobalSection
	GlobalSection(SolutionProperties) = preSolution
		HideSolutionNode = FALSE
	EndGlobalSection
	GlobalSection(ExtensibilityGlobals) = postSolution
		SolutionGuid = {82835884-E1E6-4EA8-AFEB-5816FF093425}
	EndGlobalSection
EndGlobal
